{
  "name": "pipewrench-zomboid-events",
  "version": "1.0.0",
  "lockfileVersion": 2,
  "requires": true,
  "packages": {
    "": {
      "name": "pipewrench-zomboid-events",
      "version": "1.0.0",
      "dependencies": {
        "Zomboid": "github:Konijima/PipeWrench-Zomboid-Types"
      }
    },
    "node_modules/Zomboid": {
      "name": "pipewrench-zomboid-types",
      "version": "1.0.0",
      "resolved": "git+ssh://git@github.com/Konijima/PipeWrench-Zomboid-Types.git#66310f95c2ef6b56d0de0d6f8926dc89e3ea521c"
    }
  },
  "dependencies": {
    "Zomboid": {
      "version": "git+ssh://git@github.com/Konijima/PipeWrench-Zomboid-Types.git#66310f95c2ef6b56d0de0d6f8926dc89e3ea521c",
      "from": "Zomboid@https://github.com/Konijima/PipeWrench-Zomboid-Types"
    }
  }
}
